// !$*UTF8*$!
{
	archiveVersion = 1;
	classes = {
	};
	objectVersion = 50;
	objects = {

/* Begin PBXBuildFile section */
		BF1C485F25CF86D3005ACA7C /* AppDelegate.swift in Sources */ = {isa = PBXBuildFile; fileRef = BF1C485E25CF86D2005ACA7C /* AppDelegate.swift */; };
		BF1C486125CF86D3005ACA7C /* SceneDelegate.swift in Sources */ = {isa = PBXBuildFile; fileRef = BF1C486025CF86D3005ACA7C /* SceneDelegate.swift */; };
		BF1C486325CF86D3005ACA7C /* ViewController.swift in Sources */ = {isa = PBXBuildFile; fileRef = BF1C486225CF86D3005ACA7C /* ViewController.swift */; };
		BF1C486625CF86D3005ACA7C /* Main.storyboard in Resources */ = {isa = PBXBuildFile; fileRef = BF1C486425CF86D3005ACA7C /* Main.storyboard */; };
		BF1C486825CF86DC005ACA7C /* Assets.xcassets in Resources */ = {isa = PBXBuildFile; fileRef = BF1C486725CF86DC005ACA7C /* Assets.xcassets */; };
		BF1C486B25CF86DC005ACA7C /* LaunchScreen.storyboard in Resources */ = {isa = PBXBuildFile; fileRef = BF1C486925CF86DC005ACA7C /* LaunchScreen.storyboard */; };
		BF1C487625CF86DD005ACA7C /* OriginalTests.swift in Sources */ = {isa = PBXBuildFile; fileRef = BF1C487525CF86DD005ACA7C /* OriginalTests.swift */; };
		BF1C488125CF86DD005ACA7C /* OriginalUITests.swift in Sources */ = {isa = PBXBuildFile; fileRef = BF1C488025CF86DD005ACA7C /* OriginalUITests.swift */; };
		BF1C488F25CFAF48005ACA7C /* kimochiViewController.swift in Sources */ = {isa = PBXBuildFile; fileRef = BF1C488E25CFAF48005ACA7C /* kimochiViewController.swift */; };
		BF1C489125CFAF61005ACA7C /* ballViewController.swift in Sources */ = {isa = PBXBuildFile; fileRef = BF1C489025CFAF61005ACA7C /* ballViewController.swift */; };
/* End PBXBuildFile section */

/* Begin PBXContainerItemProxy section */
		BF1C487225CF86DD005ACA7C /* PBXContainerItemProxy */ = {
			isa = PBXContainerItemProxy;
			containerPortal = BF1C485325CF86D2005ACA7C /* Project object */;
			proxyType = 1;
			remoteGlobalIDString = BF1C485A25CF86D2005ACA7C;
			remoteInfo = Original;
		};
		BF1C487D25CF86DD005ACA7C /* PBXContainerItemProxy */ = {
			isa = PBXContainerItemProxy;
			containerPortal = BF1C485325CF86D2005ACA7C /* Project object */;
			proxyType = 1;
			remoteGlobalIDString = BF1C485A25CF86D2005ACA7C;
			remoteInfo = Original;
		};
/* End PBXContainerItemProxy section */

/* Begin PBXFileReference section */
		BF1C485B25CF86D2005ACA7C /* Original.app */ = {isa = PBXFileReference; explicitFileType = wrapper.application; includeInIndex = 0; path = Original.app; sourceTree = BUILT_PRODUCTS_DIR; };
		BF1C485E25CF86D2005ACA7C /* AppDelegate.swift */ = {isa = PBXFileReference; lastKnownFileType = sourcecode.swift; path = AppDelegate.swift; sourceTree = "<group>"; };
		BF1C486025CF86D3005ACA7C /* SceneDelegate.swift */ = {isa = PBXFileReference; lastKnownFileType = sourcecode.swift; path = SceneDelegate.swift; sourceTree = "<group>"; };
		BF1C486225CF86D3005ACA7C /* ViewController.swift */ = {isa = PBXFileReference; lastKnownFileType = sourcecode.swift; path = ViewController.swift; sourceTree = "<group>"; };
		BF1C486525CF86D3005ACA7C /* Base */ = {isa = PBXFileReference; lastKnownFileType = file.storyboard; name = Base; path = Base.lproj/Main.storyboard; sourceTree = "<group>"; };
		BF1C486725CF86DC005ACA7C /* Assets.xcassets */ = {isa = PBXFileReference; lastKnownFileType = folder.assetcatalog; path = Assets.xcassets; sourceTree = "<group>"; };
		BF1C486A25CF86DC005ACA7C /* Base */ = {isa = PBXFileReference; lastKnownFileType = file.storyboard; name = Base; path = Base.lproj/LaunchScreen.storyboard; sourceTree = "<group>"; };
		BF1C486C25CF86DC005ACA7C /* Info.plist */ = {isa = PBXFileReference; lastKnownFileType = text.plist.xml; path = Info.plist; sourceTree = "<group>"; };
		BF1C487125CF86DD005ACA7C /* OriginalTests.xctest */ = {isa = PBXFileReference; explicitFileType = wrapper.cfbundle; includeInIndex = 0; path = OriginalTests.xctest; sourceTree = BUILT_PRODUCTS_DIR; };
		BF1C487525CF86DD005ACA7C /* OriginalTests.swift */ = {isa = PBXFileReference; lastKnownFileType = sourcecode.swift; path = OriginalTests.swift; sourceTree = "<group>"; };
		BF1C487725CF86DD005ACA7C /* Info.plist */ = {isa = PBXFileReference; lastKnownFileType = text.plist.xml; path = Info.plist; sourceTree = "<group>"; };
		BF1C487C25CF86DD005ACA7C /* OriginalUITests.xctest */ = {isa = PBXFileReference; explicitFileType = wrapper.cfbundle; includeInIndex = 0; path = OriginalUITests.xctest; sourceTree = BUILT_PRODUCTS_DIR; };
		BF1C488025CF86DD005ACA7C /* OriginalUITests.swift */ = {isa = PBXFileReference; lastKnownFileType = sourcecode.swift; path = OriginalUITests.swift; sourceTree = "<group>"; };
		BF1C488225CF86DD005ACA7C /* Info.plist */ = {isa = PBXFileReference; lastKnownFileType = text.plist.xml; path = Info.plist; sourceTree = "<group>"; };
		BF1C488E25CFAF48005ACA7C /* kimochiViewController.swift */ = {isa = PBXFileReference; lastKnownFileType = sourcecode.swift; path = kimochiViewController.swift; sourceTree = "<group>"; };
		BF1C489025CFAF61005ACA7C /* ballViewController.swift */ = {isa = PBXFileReference; lastKnownFileType = sourcecode.swift; path = ballViewController.swift; sourceTree = "<group>"; };
/* End PBXFileReference section */

/* Begin PBXFrameworksBuildPhase section */
		BF1C485825CF86D2005ACA7C /* Frameworks */ = {
			isa = PBXFrameworksBuildPhase;
			buildActionMask = 2147483647;
			files = (
			);
			runOnlyForDeploymentPostprocessing = 0;
		};
		BF1C486E25CF86DD005ACA7C /* Frameworks */ = {
			isa = PBXFrameworksBuildPhase;
			buildActionMask = 2147483647;
			files = (
			);
			runOnlyForDeploymentPostprocessing = 0;
		};
		BF1C487925CF86DD005ACA7C /* Frameworks */ = {
			isa = PBXFrameworksBuildPhase;
			buildActionMask = 2147483647;
			files = (
			);
			runOnlyForDeploymentPostprocessing = 0;
		};
/* End PBXFrameworksBuildPhase section */

/* Begin PBXGroup section */
		BF1C485225CF86D2005ACA7C = {
			isa = PBXGroup;
			children = (
				BF1C485D25CF86D2005ACA7C /* Original */,
				BF1C487425CF86DD005ACA7C /* OriginalTests */,
				BF1C487F25CF86DD005ACA7C /* OriginalUITests */,
				BF1C485C25CF86D2005ACA7C /* Products */,
			);
			sourceTree = "<group>";
		};
		BF1C485C25CF86D2005ACA7C /* Products */ = {
			isa = PBXGroup;
			children = (
				BF1C485B25CF86D2005ACA7C /* Original.app */,
				BF1C487125CF86DD005ACA7C /* OriginalTests.xctest */,
				BF1C487C25CF86DD005ACA7C /* OriginalUITests.xctest */,
			);
			name = Products;
			sourceTree = "<group>";
		};
		BF1C485D25CF86D2005ACA7C /* Original */ = {
			isa = PBXGroup;
			children = (
				BF1C485E25CF86D2005ACA7C /* AppDelegate.swift */,
				BF1C486025CF86D3005ACA7C /* SceneDelegate.swift */,
				BF1C486225CF86D3005ACA7C /* ViewController.swift */,
				BF1C486425CF86D3005ACA7C /* Main.storyboard */,
				BF1C488E25CFAF48005ACA7C /* kimochiViewController.swift */,
				BF1C489025CFAF61005ACA7C /* ballViewController.swift */,
				BF1C486725CF86DC005ACA7C /* Assets.xcassets */,
				BF1C486925CF86DC005ACA7C /* LaunchScreen.storyboard */,
				BF1C486C25CF86DC005ACA7C /* Info.plist */,
			);
			path = Original;
			sourceTree = "<group>";
		};
		BF1C487425CF86DD005ACA7C /* OriginalTests */ = {
			isa = PBXGroup;
			children = (
				BF1C487525CF86DD005ACA7C /* OriginalTests.swift */,
				BF1C487725CF86DD005ACA7C /* Info.plist */,
			);
			path = OriginalTests;
			sourceTree = "<group>";
		};
		BF1C487F25CF86DD005ACA7C /* OriginalUITests */ = {
			isa = PBXGroup;
			children = (
				BF1C488025CF86DD005ACA7C /* OriginalUITests.swift */,
				BF1C488225CF86DD005ACA7C /* Info.plist */,
			);
			path = OriginalUITests;
			sourceTree = "<group>";
		};
/* End PBXGroup section */

/* Begin PBXNativeTarget section */
		BF1C485A25CF86D2005ACA7C /* Original */ = {
			isa = PBXNativeTarget;
			buildConfigurationList = BF1C488525CF86DD005ACA7C /* Build configuration list for PBXNativeTarget "Original" */;
			buildPhases = (
				BF1C485725CF86D2005ACA7C /* Sources */,
				BF1C485825CF86D2005ACA7C /* Frameworks */,
				BF1C485925CF86D2005ACA7C /* Resources */,
			);
			buildRules = (
			);
			dependencies = (
			);
			name = Original;
			productName = Original;
			productReference = BF1C485B25CF86D2005ACA7C /* Original.app */;
			productType = "com.apple.product-type.application";
		};
		BF1C487025CF86DD005ACA7C /* OriginalTests */ = {
			isa = PBXNativeTarget;
			buildConfigurationList = BF1C488825CF86DD005ACA7C /* Build configuration list for PBXNativeTarget "OriginalTests" */;
			buildPhases = (
				BF1C486D25CF86DD005ACA7C /* Sources */,
				BF1C486E25CF86DD005ACA7C /* Frameworks */,
				BF1C486F25CF86DD005ACA7C /* Resources */,
			);
			buildRules = (
			);
			dependencies = (
				BF1C487325CF86DD005ACA7C /* PBXTargetDependency */,
			);
			name = OriginalTests;
			productName = OriginalTests;
			productReference = BF1C487125CF86DD005ACA7C /* OriginalTests.xctest */;
			productType = "com.apple.product-type.bundle.unit-test";
		};
		BF1C487B25CF86DD005ACA7C /* OriginalUITests */ = {
			isa = PBXNativeTarget;
			buildConfigurationList = BF1C488B25CF86DD005ACA7C /* Build configuration list for PBXNativeTarget "OriginalUITests" */;
			buildPhases = (
				BF1C487825CF86DD005ACA7C /* Sources */,
				BF1C487925CF86DD005ACA7C /* Frameworks */,
				BF1C487A25CF86DD005ACA7C /* Resources */,
			);
			buildRules = (
			);
			dependencies = (
				BF1C487E25CF86DD005ACA7C /* PBXTargetDependency */,
			);
			name = OriginalUITests;
			productName = OriginalUITests;
			productReference = BF1C487C25CF86DD005ACA7C /* OriginalUITests.xctest */;
			productType = "com.apple.product-type.bundle.ui-testing";
		};
/* End PBXNativeTarget section */

/* Begin PBXProject section */
		BF1C485325CF86D2005ACA7C /* Project object */ = {
			isa = PBXProject;
			attributes = {
				LastSwiftUpdateCheck = 1160;
				LastUpgradeCheck = 1160;
				ORGANIZATIONNAME = "Kawamoto Juna";
				TargetAttributes = {
					BF1C485A25CF86D2005ACA7C = {
						CreatedOnToolsVersion = 11.6;
					};
					BF1C487025CF86DD005ACA7C = {
						CreatedOnToolsVersion = 11.6;
						TestTargetID = BF1C485A25CF86D2005ACA7C;
					};
					BF1C487B25CF86DD005ACA7C = {
						CreatedOnToolsVersion = 11.6;
						TestTargetID = BF1C485A25CF86D2005ACA7C;
					};
				};
			};
			buildConfigurationList = BF1C485625CF86D2005ACA7C /* Build configuration list for PBXProject "Original" */;
			compatibilityVersion = "Xcode 9.3";
			developmentRegion = en;
			hasScannedForEncodings = 0;
			knownRegions = (
				en,
				Base,
			);
			mainGroup = BF1C485225CF86D2005ACA7C;
			productRefGroup = BF1C485C25CF86D2005ACA7C /* Products */;
			projectDirPath = "";
			projectRoot = "";
			targets = (
				BF1C485A25CF86D2005ACA7C /* Original */,
				BF1C487025CF86DD005ACA7C /* OriginalTests */,
				BF1C487B25CF86DD005ACA7C /* OriginalUITests */,
			);
		};
/* End PBXProject section */

/* Begin PBXResourcesBuildPhase section */
		BF1C485925CF86D2005ACA7C /* Resources */ = {
			isa = PBXResourcesBuildPhase;
			buildActionMask = 2147483647;
			files = (
				BF1C486B25CF86DC005ACA7C /* LaunchScreen.storyboard in Resources */,
				BF1C486825CF86DC005ACA7C /* Assets.xcassets in Resources */,
				BF1C486625CF86D3005ACA7C /* Main.storyboard in Resources */,
			);
			runOnlyForDeploymentPostprocessing = 0;
		};
		BF1C486F25CF86DD005ACA7C /* Resources */ = {
			isa = PBXResourcesBuildPhase;
			buildActionMask = 2147483647;
			files = (
			);
			runOnlyForDeploymentPostprocessing = 0;
		};
		BF1C487A25CF86DD005ACA7C /* Resources */ = {
			isa = PBXResourcesBuildPhase;
			buildActionMask = 2147483647;
			files = (
			);
			runOnlyForDeploymentPostprocessing = 0;
		};
/* End PBXResourcesBuildPhase section */

/* Begin PBXSourcesBuildPhase section */
		BF1C485725CF86D2005ACA7C /* Sources */ = {
			isa = PBXSourcesBuildPhase;
			buildActionMask = 2147483647;
			files = (
				BF1C486325CF86D3005ACA7C /* ViewController.swift in Sources */,
				BF1C488F25CFAF48005ACA7C /* kimochiViewController.swift in Sources */,
				BF1C489125CFAF61005ACA7C /* ballViewController.swift in Sources */,
				BF1C485F25CF86D3005ACA7C /* AppDelegate.swift in Sources */,
				BF1C486125CF86D3005ACA7C /* SceneDelegate.swift in Sources */,
			);
			runOnlyForDeploymentPostprocessing = 0;
		};
		BF1C486D25CF86DD005ACA7C /* Sources */ = {
			isa = PBXSourcesBuildPhase;
			buildActionMask = 2147483647;
			files = (
				BF1C487625CF86DD005ACA7C /* OriginalTests.swift in Sources */,
			);
			runOnlyForDeploymentPostprocessing = 0;
		};
		BF1C487825CF86DD005ACA7C /* Sources */ = {
			isa = PBXSourcesBuildPhase;
			buildActionMask = 2147483647;
			files = (
				BF1C488125CF86DD005ACA7C /* OriginalUITests.swift in Sources */,
			);
			runOnlyForDeploymentPostprocessing = 0;
		};
/* End PBXSourcesBuildPhase section */

/* Begin PBXTargetDependency section */
		BF1C487325CF86DD005ACA7C /* PBXTargetDependency */ = {
			isa = PBXTargetDependency;
			target = BF1C485A25CF86D2005ACA7C /* Original */;
			targetProxy = BF1C487225CF86DD005ACA7C /* PBXContainerItemProxy */;
		};
		BF1C487E25CF86DD005ACA7C /* PBXTargetDependency */ = {
			isa = PBXTargetDependency;
			target = BF1C485A25CF86D2005ACA7C /* Original */;
			targetProxy = BF1C487D25CF86DD005ACA7C /* PBXContainerItemProxy */;
		};
/* End PBXTargetDependency section */

/* Begin PBXVariantGroup section */
		BF1C486425CF86D3005ACA7C /* Main.storyboard */ = {
			isa = PBXVariantGroup;
			children = (
				BF1C486525CF86D3005ACA7C /* Base */,
			);
			name = Main.storyboard;
			sourceTree = "<group>";
		};
		BF1C486925CF86DC005ACA7C /* LaunchScreen.storyboard */ = {
			isa = PBXVariantGroup;
			children = (
				BF1C486A25CF86DC005ACA7C /* Base */,
			);
			name = LaunchScreen.storyboard;
			sourceTree = "<group>";
		};
/* End PBXVariantGroup section */

/* Begin XCBuildConfiguration section */
		BF1C488325CF86DD005ACA7C /* Debug */ = {
			isa = XCBuildConfiguration;
			buildSettings = {
				ALWAYS_SEARCH_USER_PATHS = NO;
				CLANG_ANALYZER_NONNULL = YES;
				CLANG_ANALYZER_NUMBER_OBJECT_CONVERSION = YES_AGGRESSIVE;
				CLANG_CXX_LANGUAGE_STANDARD = "gnu++14";
				CLANG_CXX_LIBRARY = "libc++";
				CLANG_ENABLE_MODULES = YES;
				CLANG_ENABLE_OBJC_ARC = YES;
				CLANG_ENABLE_OBJC_WEAK = YES;
				CLANG_WARN_BLOCK_CAPTURE_AUTORELEASING = YES;
				CLANG_WARN_BOOL_CONVERSION = YES;
				CLANG_WARN_COMMA = YES;
				CLANG_WARN_CONSTANT_CONVERSION = YES;
				CLANG_WARN_DEPRECATED_OBJC_IMPLEMENTATIONS = YES;
				CLANG_WARN_DIRECT_OBJC_ISA_USAGE = YES_ERROR;
				CLANG_WARN_DOCUMENTATION_COMMENTS = YES;
				CLANG_WARN_EMPTY_BODY = YES;
				CLANG_WARN_ENUM_CONVERSION = YES;
				CLANG_WARN_INFINITE_RECURSION = YES;
				CLANG_WARN_INT_CONVERSION = YES;
				CLANG_WARN_NON_LITERAL_NULL_CONVERSION = YES;
				CLANG_WARN_OBJC_IMPLICIT_RETAIN_SELF = YES;
				CLANG_WARN_OBJC_LITERAL_CONVERSION = YES;
				CLANG_WARN_OBJC_ROOT_CLASS = YES_ERROR;
				CLANG_WARN_RANGE_LOOP_ANALYSIS = YES;
				CLANG_WARN_STRICT_PROTOTYPES = YES;
				CLANG_WARN_SUSPICIOUS_MOVE = YES;
				CLANG_WARN_UNGUARDED_AVAILABILITY = YES_AGGRESSIVE;
				CLANG_WARN_UNREACHABLE_CODE = YES;
				CLANG_WARN__DUPLICATE_METHOD_MATCH = YES;
				COPY_PHASE_STRIP = NO;
				DEBUG_INFORMATION_FORMAT = dwarf;
				ENABLE_STRICT_OBJC_MSGSEND = YES;
				ENABLE_TESTABILITY = YES;
				GCC_C_LANGUAGE_STANDARD = gnu11;
				GCC_DYNAMIC_NO_PIC = NO;
				GCC_NO_COMMON_BLOCKS = YES;
				GCC_OPTIMIZATION_LEVEL = 0;
				GCC_PREPROCESSOR_DEFINITIONS = (
					"DEBUG=1",
					"$(inherited)",
				);
				GCC_WARN_64_TO_32_BIT_CONVERSION = YES;
				GCC_WARN_ABOUT_RETURN_TYPE = YES_ERROR;
				GCC_WARN_UNDECLARED_SELECTOR = YES;
				GCC_WARN_UNINITIALIZED_AUTOS = YES_AGGRESSIVE;
				GCC_WARN_UNUSED_FUNCTION = YES;
				GCC_WARN_UNUSED_VARIABLE = YES;
				IPHONEOS_DEPLOYMENT_TARGET = 13.6;
				MTL_ENABLE_DEBUG_INFO = INCLUDE_SOURCE;
				MTL_FAST_MATH = YES;
				ONLY_ACTIVE_ARCH = YES;
				SDKROOT = iphoneos;
				SWIFT_ACTIVE_COMPILATION_CONDITIONS = DEBUG;
				SWIFT_OPTIMIZATION_LEVEL = "-Onone";
			};
			name = Debug;
		};
		BF1C488425CF86DD005ACA7C /* Release */ = {
			isa = XCBuildConfiguration;
			buildSettings = {
				ALWAYS_SEARCH_USER_PATHS = NO;
				CLANG_ANALYZER_NONNULL = YES;
				CLANG_ANALYZER_NUMBER_OBJECT_CONVERSION = YES_AGGRESSIVE;
				CLANG_CXX_LANGUAGE_STANDARD = "gnu++14";
				CLANG_CXX_LIBRARY = "libc++";
				CLANG_ENABLE_MODULES = YES;
				CLANG_ENABLE_OBJC_ARC = YES;
				CLANG_ENABLE_OBJC_WEAK = YES;
				CLANG_WARN_BLOCK_CAPTURE_AUTORELEASING = YES;
				CLANG_WARN_BOOL_CONVERSION = YES;
				CLANG_WARN_COMMA = YES;
				CLANG_WARN_CONSTANT_CONVERSION = YES;
				CLANG_WARN_DEPRECATED_OBJC_IMPLEMENTATIONS = YES;
				CLANG_WARN_DIRECT_OBJC_ISA_USAGE = YES_ERROR;
				CLANG_WARN_DOCUMENTATION_COMMENTS = YES;
				CLANG_WARN_EMPTY_BODY = YES;
				CLANG_WARN_ENUM_CONVERSION = YES;
				CLANG_WARN_INFINITE_RECURSION = YES;
				CLANG_WARN_INT_CONVERSION = YES;
				CLANG_WARN_NON_LITERAL_NULL_CONVERSION = YES;
				CLANG_WARN_OBJC_IMPLICIT_RETAIN_SELF = YES;
				CLANG_WARN_OBJC_LITERAL_CONVERSION = YES;
				CLANG_WARN_OBJC_ROOT_CLASS = YES_ERROR;
				CLANG_WARN_RANGE_LOOP_ANALYSIS = YES;
				CLANG_WARN_STRICT_PROTOTYPES = YES;
				CLANG_WARN_SUSPICIOUS_MOVE = YES;
				CLANG_WARN_UNGUARDED_AVAILABILITY = YES_AGGRESSIVE;
				CLANG_WARN_UNREACHABLE_CODE = YES;
				CLANG_WARN__DUPLICATE_METHOD_MATCH = YES;
				COPY_PHASE_STRIP = NO;
				DEBUG_INFORMATION_FORMAT = "dwarf-with-dsym";
				ENABLE_NS_ASSERTIONS = NO;
				ENABLE_STRICT_OBJC_MSGSEND = YES;
				GCC_C_LANGUAGE_STANDARD = gnu11;
				GCC_NO_COMMON_BLOCKS = YES;
				GCC_WARN_64_TO_32_BIT_CONVERSION = YES;
				GCC_WARN_ABOUT_RETURN_TYPE = YES_ERROR;
				GCC_WARN_UNDECLARED_SELECTOR = YES;
				GCC_WARN_UNINITIALIZED_AUTOS = YES_AGGRESSIVE;
				GCC_WARN_UNUSED_FUNCTION = YES;
				GCC_WARN_UNUSED_VARIABLE = YES;
				IPHONEOS_DEPLOYMENT_TARGET = 13.6;
				MTL_ENABLE_DEBUG_INFO = NO;
				MTL_FAST_MATH = YES;
				SDKROOT = iphoneos;
				SWIFT_COMPILATION_MODE = wholemodule;
				SWIFT_OPTIMIZATION_LEVEL = "-O";
				VALIDATE_PRODUCT = YES;
			};
			name = Release;
		};
		BF1C488625CF86DD005ACA7C /* Debug */ = {
			isa = XCBuildConfiguration;
			buildSettings = {
				ASSETCATALOG_COMPILER_APPICON_NAME = AppIcon;
				CODE_SIGN_STYLE = Automatic;
				INFOPLIST_FILE = Original/Info.plist;
				LD_RUNPATH_SEARCH_PATHS = (
					"$(inherited)",
					"@executable_path/Frameworks",
				);
				PRODUCT_BUNDLE_IDENTIFIER = com.lifech.Original;
				PRODUCT_NAME = "$(TARGET_NAME)";
				SWIFT_VERSION = 5.0;
				TARGETED_DEVICE_FAMILY = "1,2";
			};
			name = Debug;
		};
		BF1C488725CF86DD005ACA7C /* Release */ = {
			isa = XCBuildConfiguration;
			buildSettings = {
				ASSETCATALOG_COMPILER_APPICON_NAME = AppIcon;
				CODE_SIGN_STYLE = Automatic;
				INFOPLIST_FILE = Original/Info.plist;
				LD_RUNPATH_SEARCH_PATHS = (
					"$(inherited)",
					"@executable_path/Frameworks",
				);
				PRODUCT_BUNDLE_IDENTIFIER = com.lifech.Original;
				PRODUCT_NAME = "$(TARGET_NAME)";
				SWIFT_VERSION = 5.0;
				TARGETED_DEVICE_FAMILY = "1,2";
			};
			name = Release;
		};
		BF1C488925CF86DD005ACA7C /* Debug */ = {
			isa = XCBuildConfiguration;
			buildSettings = {
				ALWAYS_EMBED_SWIFT_STANDARD_LIBRARIES = YES;
				BUNDLE_LOADER = "$(TEST_HOST)";
				CODE_SIGN_STYLE = Automatic;
				INFOPLIST_FILE = OriginalTests/Info.plist;
				IPHONEOS_DEPLOYMENT_TARGET = 13.6;
				LD_RUNPATH_SEARCH_PATHS = (
					"$(inherited)",
					"@executable_path/Frameworks",
					"@loader_path/Frameworks",
				);
				PRODUCT_BUNDLE_IDENTIFIER = com.lifech.OriginalTests;
				PRODUCT_NAME = "$(TARGET_NAME)";
				SWIFT_VERSION = 5.0;
				TARGETED_DEVICE_FAMILY = "1,2";
				TEST_HOST = "$(BUILT_PRODUCTS_DIR)/Original.app/Original";
			};
			name = Debug;
		};
		BF1C488A25CF86DD005ACA7C /* Release */ = {
			isa = XCBuildConfiguration;
			buildSettings = {
				ALWAYS_EMBED_SWIFT_STANDARD_LIBRARIES = YES;
				BUNDLE_LOADER = "$(TEST_HOST)";
				CODE_SIGN_STYLE = Automatic;
				INFOPLIST_FILE = OriginalTests/Info.plist;
				IPHONEOS_DEPLOYMENT_TARGET = 13.6;
				LD_RUNPATH_SEARCH_PATHS = (
					"$(inherited)",
					"@executable_path/Frameworks",
					"@loader_path/Frameworks",
				);
				PRODUCT_BUNDLE_IDENTIFIER = com.lifech.OriginalTests;
				PRODUCT_NAME = "$(TARGET_NAME)";
				SWIFT_VERSION = 5.0;
				TARGETED_DEVICE_FAMILY = "1,2";
				TEST_HOST = "$(BUILT_PRODUCTS_DIR)/Original.app/Original";
			};
			name = Release;
		};
		BF1C488C25CF86DD005ACA7C /* Debug */ = {
			isa = XCBuildConfiguration;
			buildSettings = {
				ALWAYS_EMBED_SWIFT_STANDARD_LIBRARIES = YES;
				CODE_SIGN_STYLE = Automatic;
				INFOPLIST_FILE = OriginalUITests/Info.plist;
				LD_RUNPATH_SEARCH_PATHS = (
					"$(inherited)",
					"@executable_path/Frameworks",
					"@loader_path/Frameworks",
				);
				PRODUCT_BUNDLE_IDENTIFIER = com.lifech.OriginalUITests;
				PRODUCT_NAME = "$(TARGET_NAME)";
				SWIFT_VERSION = 5.0;
				TARGETED_DEVICE_FAMILY = "1,2";
				TEST_TARGET_NAME = Original;
			};
			name = Debug;
		};
		BF1C488D25CF86DD005ACA7C /* Release */ = {
			isa = XCBuildConfiguration;
			buildSettings = {
				ALWAYS_EMBED_SWIFT_STANDARD_LIBRARIES = YES;
				CODE_SIGN_STYLE = Automatic;
				INFOPLIST_FILE = OriginalUITests/Info.plist;
				LD_RUNPATH_SEARCH_PATHS = (
					"$(inherited)",
					"@executable_path/Frameworks",
					"@loader_path/Frameworks",
				);
				PRODUCT_BUNDLE_IDENTIFIER = com.lifech.OriginalUITests;
				PRODUCT_NAME = "$(TARGET_NAME)";
				SWIFT_VERSION = 5.0;
				TARGETED_DEVICE_FAMILY = "1,2";
				TEST_TARGET_NAME = Original;
			};
			name = Release;
		};
/* End XCBuildConfiguration section */

/* Begin XCConfigurationList section */
		BF1C485625CF86D2005ACA7C /* Build configuration list for PBXProject "Original" */ = {
			isa = XCConfigurationList;
			buildConfigurations = (
				BF1C488325CF86DD005ACA7C /* Debug */,
				BF1C488425CF86DD005ACA7C /* Release */,
			);
			defaultConfigurationIsVisible = 0;
			defaultConfigurationName = Release;
		};
		BF1C488525CF86DD005ACA7C /* Build configuration list for PBXNativeTarget "Original" */ = {
			isa = XCConfigurationList;
			buildConfigurations = (
				BF1C488625CF86DD005ACA7C /* Debug */,
				BF1C488725CF86DD005ACA7C /* Release */,
			);
			defaultConfigurationIsVisible = 0;
			defaultConfigurationName = Release;
		};
		BF1C488825CF86DD005ACA7C /* Build configuration list for PBXNativeTarget "OriginalTests" */ = {
			isa = XCConfigurationList;
			buildConfigurations = (
				BF1C488925CF86DD005ACA7C /* Debug */,
				BF1C488A25CF86DD005ACA7C /* Release */,
			);
			defaultConfigurationIsVisible = 0;
			defaultConfigurationName = Release;
		};
		BF1C488B25CF86DD005ACA7C /* Build configuration list for PBXNativeTarget "OriginalUITests" */ = {
			isa = XCConfigurationList;
			buildConfigurations = (
				BF1C488C25CF86DD005ACA7C /* Debug */,
				BF1C488D25CF86DD005ACA7C /* Release */,
			);
			defaultConfigurationIsVisible = 0;
			defaultConfigurationName = Release;
		};
/* End XCConfigurationList section */
	};
	rootObject = BF1C485325CF86D2005ACA7C /* Project object */;
}
